
Microsoft Visual Studio Solution File, Format Version 11.00
# Visual Studio 2010
Project("{8BC9CEB8-8B4A-11D0-8D11-00A0C91BC942}") = "ScrabbleSolitaire", "ScrabbleSolitaire\ScrabbleSolitaire.vcxproj", "{07BC0B7E-25E6-4E02-BFD0-DD05BB4D8E3A}"
EndProject
Global
	GlobalSection(SolutionConfigurationPlatforms) = preSolution
		Debug|Win32 = Debug|Win32
		Release|Win32 = Release|Win32
	EndGlobalSection
	GlobalSection(ProjectConfigurationPlatforms) = postSolution
		{07BC0B7E-25E6-4E02-BFD0-DD05BB4D8E3A}.Debug|Win32.ActiveCfg = Debug|Win32
		{07BC0B7E-25E6-4E02-BFD0-DD05BB4D8E3A}.Debug|Win32.Build.0 = Debug|Win32
		{07BC0B7E-25E6-4E02-BFD0-DD05BB4D8E3A}.Release|Win32.ActiveCfg = Release|Win32
		{07BC0B7E-25E6-4E02-BFD0-DD05BB4D8E3A}.Release|Win32.Build.0 = Release|Win32
	EndGlobalSection
	GlobalSection(SolutionProperties) = preSolution
		HideSolutionNode = FALSE
	EndGlobalSection
EndGlobal
